// !$*UTF8*$!
{
	archiveVersion = 1;
	classes = {
	};
	objectVersion = 48;
	objects = {

/* Begin PBXBuildFile section */
		013E1E761FF157450062BABD /* AppDelegate.m in Sources */ = {isa = PBXBuildFile; fileRef = 013E1E751FF157450062BABD /* AppDelegate.m */; };
		013E1E791FF157450062BABD /* ViewController.m in Sources */ = {isa = PBXBuildFile; fileRef = 013E1E781FF157450062BABD /* ViewController.m */; };
		013E1E7C1FF157450062BABD /* Main.storyboard in Resources */ = {isa = PBXBuildFile; fileRef = 013E1E7A1FF157450062BABD /* Main.storyboard */; };
		013E1E7E1FF157450062BABD /* Assets.xcassets in Resources */ = {isa = PBXBuildFile; fileRef = 013E1E7D1FF157450062BABD /* Assets.xcassets */; };
		013E1E811FF157450062BABD /* LaunchScreen.storyboard in Resources */ = {isa = PBXBuildFile; fileRef = 013E1E7F1FF157450062BABD /* LaunchScreen.storyboard */; };
		013E1E841FF157460062BABD /* main.m in Sources */ = {isa = PBXBuildFile; fileRef = 013E1E831FF157460062BABD /* main.m */; };
		013E1E8D1FF158180062BABD /* SZBulletView.m in Sources */ = {isa = PBXBuildFile; fileRef = 013E1E8C1FF158180062BABD /* SZBulletView.m */; };
		013E1E901FF158A50062BABD /* SZDanmakuManager.m in Sources */ = {isa = PBXBuildFile; fileRef = 013E1E8F1FF158A50062BABD /* SZDanmakuManager.m */; };
/* End PBXBuildFile section */

/* Begin PBXFileReference section */
		013E1E711FF157450062BABD /* SZDanmaku.app */ = {isa = PBXFileReference; explicitFileType = wrapper.application; includeInIndex = 0; path = SZDanmaku.app; sourceTree = BUILT_PRODUCTS_DIR; };
		013E1E741FF157450062BABD /* AppDelegate.h */ = {isa = PBXFileReference; lastKnownFileType = sourcecode.c.h; path = AppDelegate.h; sourceTree = "<group>"; };
		013E1E751FF157450062BABD /* AppDelegate.m */ = {isa = PBXFileReference; lastKnownFileType = sourcecode.c.objc; path = AppDelegate.m; sourceTree = "<group>"; };
		013E1E771FF157450062BABD /* ViewController.h */ = {isa = PBXFileReference; lastKnownFileType = sourcecode.c.h; path = ViewController.h; sourceTree = "<group>"; };
		013E1E781FF157450062BABD /* ViewController.m */ = {isa = PBXFileReference; lastKnownFileType = sourcecode.c.objc; path = ViewController.m; sourceTree = "<group>"; };
		013E1E7B1FF157450062BABD /* Base */ = {isa = PBXFileReference; lastKnownFileType = file.storyboard; name = Base; path = Base.lproj/Main.storyboard; sourceTree = "<group>"; };
		013E1E7D1FF157450062BABD /* Assets.xcassets */ = {isa = PBXFileReference; lastKnownFileType = folder.assetcatalog; path = Assets.xcassets; sourceTree = "<group>"; };
		013E1E801FF157450062BABD /* Base */ = {isa = PBXFileReference; lastKnownFileType = file.storyboard; name = Base; path = Base.lproj/LaunchScreen.storyboard; sourceTree = "<group>"; };
		013E1E821FF157460062BABD /* Info.plist */ = {isa = PBXFileReference; lastKnownFileType = text.plist.xml; path = Info.plist; sourceTree = "<group>"; };
		013E1E831FF157460062BABD /* main.m */ = {isa = PBXFileReference; lastKnownFileType = sourcecode.c.objc; path = main.m; sourceTree = "<group>"; };
		013E1E8B1FF158180062BABD /* SZBulletView.h */ = {isa = PBXFileReference; lastKnownFileType = sourcecode.c.h; path = SZBulletView.h; sourceTree = "<group>"; };
		013E1E8C1FF158180062BABD /* SZBulletView.m */ = {isa = PBXFileReference; lastKnownFileType = sourcecode.c.objc; path = SZBulletView.m; sourceTree = "<group>"; };
		013E1E8E1FF158A50062BABD /* SZDanmakuManager.h */ = {isa = PBXFileReference; lastKnownFileType = sourcecode.c.h; path = SZDanmakuManager.h; sourceTree = "<group>"; };
		013E1E8F1FF158A50062BABD /* SZDanmakuManager.m */ = {isa = PBXFileReference; lastKnownFileType = sourcecode.c.objc; path = SZDanmakuManager.m; sourceTree = "<group>"; };
/* End PBXFileReference section */

/* Begin PBXFrameworksBuildPhase section */
		013E1E6E1FF157450062BABD /* Frameworks */ = {
			isa = PBXFrameworksBuildPhase;
			buildActionMask = 2147483647;
			files = (
			);
			runOnlyForDeploymentPostprocessing = 0;
		};
/* End PBXFrameworksBuildPhase section */

/* Begin PBXGroup section */
		013E1E681FF157450062BABD = {
			isa = PBXGroup;
			children = (
				013E1E731FF157450062BABD /* SZDanmaku */,
				013E1E721FF157450062BABD /* Products */,
			);
			sourceTree = "<group>";
		};
		013E1E721FF157450062BABD /* Products */ = {
			isa = PBXGroup;
			children = (
				013E1E711FF157450062BABD /* SZDanmaku.app */,
			);
			name = Products;
			sourceTree = "<group>";
		};
		013E1E731FF157450062BABD /* SZDanmaku */ = {
			isa = PBXGroup;
			children = (
				013E1E8A1FF1576D0062BABD /* SZDanmaku */,
				013E1E741FF157450062BABD /* AppDelegate.h */,
				013E1E751FF157450062BABD /* AppDelegate.m */,
				013E1E771FF157450062BABD /* ViewController.h */,
				013E1E781FF157450062BABD /* ViewController.m */,
				013E1E7A1FF157450062BABD /* Main.storyboard */,
				013E1E7D1FF157450062BABD /* Assets.xcassets */,
				013E1E7F1FF157450062BABD /* LaunchScreen.storyboard */,
				013E1E821FF157460062BABD /* Info.plist */,
				013E1E831FF157460062BABD /* main.m */,
			);
			path = SZDanmaku;
			sourceTree = "<group>";
		};
		013E1E8A1FF1576D0062BABD /* SZDanmaku */ = {
			isa = PBXGroup;
			children = (
				013E1E8B1FF158180062BABD /* SZBulletView.h */,
				013E1E8C1FF158180062BABD /* SZBulletView.m */,
				013E1E8E1FF158A50062BABD /* SZDanmakuManager.h */,
				013E1E8F1FF158A50062BABD /* SZDanmakuManager.m */,
			);
			path = SZDanmaku;
			sourceTree = "<group>";
		};
/* End PBXGroup section */

/* Begin PBXNativeTarget section */
		013E1E701FF157450062BABD /* SZDanmaku */ = {
			isa = PBXNativeTarget;
			buildConfigurationList = 013E1E871FF157460062BABD /* Build configuration list for PBXNativeTarget "SZDanmaku" */;
			buildPhases = (
				013E1E6D1FF157450062BABD /* Sources */,
				013E1E6E1FF157450062BABD /* Frameworks */,
				013E1E6F1FF157450062BABD /* Resources */,
			);
			buildRules = (
			);
			dependencies = (
			);
			name = SZDanmaku;
			productName = SZDanmaku;
			productReference = 013E1E711FF157450062BABD /* SZDanmaku.app */;
			productType = "com.apple.product-type.application";
		};
/* End PBXNativeTarget section */

/* Begin PBXProject section */
		013E1E691FF157450062BABD /* Project object */ = {
			isa = PBXProject;
			attributes = {
				CLASSPREFIX = SZ;
				LastUpgradeCheck = 0920;
				ORGANIZATIONNAME = Zahi;
				TargetAttributes = {
					013E1E701FF157450062BABD = {
						CreatedOnToolsVersion = 9.2;
						ProvisioningStyle = Automatic;
					};
				};
			};
			buildConfigurationList = 013E1E6C1FF157450062BABD /* Build configuration list for PBXProject "SZDanmaku" */;
			compatibilityVersion = "Xcode 8.0";
			developmentRegion = en;
			hasScannedForEncodings = 0;
			knownRegions = (
				en,
				Base,
			);
			mainGroup = 013E1E681FF157450062BABD;
			productRefGroup = 013E1E721FF157450062BABD /* Products */;
			projectDirPath = "";
			projectRoot = "";
			targets = (
				013E1E701FF157450062BABD /* SZDanmaku */,
			);
		};
/* End PBXProject section */

/* Begin PBXResourcesBuildPhase section */
		013E1E6F1FF157450062BABD /* Resources */ = {
			isa = PBXResourcesBuildPhase;
			buildActionMask = 2147483647;
			files = (
				013E1E811FF157450062BABD /* LaunchScreen.storyboard in Resources */,
				013E1E7E1FF157450062BABD /* Assets.xcassets in Resources */,
				013E1E7C1FF157450062BABD /* Main.storyboard in Resources */,
			);
			runOnlyForDeploymentPostprocessing = 0;
		};
/* End PBXResourcesBuildPhase section */

/* Begin PBXSourcesBuildPhase section */
		013E1E6D1FF157450062BABD /* Sources */ = {
			isa = PBXSourcesBuildPhase;
			buildActionMask = 2147483647;
			files = (
				013E1E791FF157450062BABD /* ViewController.m in Sources */,
				013E1E901FF158A50062BABD /* SZDanmakuManager.m in Sources */,
				013E1E8D1FF158180062BABD /* SZBulletView.m in Sources */,
				013E1E841FF157460062BABD /* main.m in Sources */,
				013E1E761FF157450062BABD /* AppDelegate.m in Sources */,
			);
			runOnlyForDeploymentPostprocessing = 0;
		};
/* End PBXSourcesBuildPhase section */

/* Begin PBXVariantGroup section */
		013E1E7A1FF157450062BABD /* Main.storyboard */ = {
			isa = PBXVariantGroup;
			children = (
				013E1E7B1FF157450062BABD /* Base */,
			);
			name = Main.storyboard;
			sourceTree = "<group>";
		};
		013E1E7F1FF157450062BABD /* LaunchScreen.storyboard */ = {
			isa = PBXVariantGroup;
			children = (
				013E1E801FF157450062BABD /* Base */,
			);
			name = LaunchScreen.storyboard;
			sourceTree = "<group>";
		};
/* End PBXVariantGroup section */

/* Begin XCBuildConfiguration section */
		013E1E851FF157460062BABD /* Debug */ = {
			isa = XCBuildConfiguration;
			buildSettings = {
				ALWAYS_SEARCH_USER_PATHS = NO;
				CLANG_ANALYZER_NONNULL = YES;
				CLANG_ANALYZER_NUMBER_OBJECT_CONVERSION = YES_AGGRESSIVE;
				CLANG_CXX_LANGUAGE_STANDARD = "gnu++14";
				CLANG_CXX_LIBRARY = "libc++";
				CLANG_ENABLE_MODULES = YES;
				CLANG_ENABLE_OBJC_ARC = YES;
				CLANG_WARN_BLOCK_CAPTURE_AUTORELEASING = YES;
				CLANG_WARN_BOOL_CONVERSION = YES;
				CLANG_WARN_COMMA = YES;
				CLANG_WARN_CONSTANT_CONVERSION = YES;
				CLANG_WARN_DIRECT_OBJC_ISA_USAGE = YES_ERROR;
				CLANG_WARN_DOCUMENTATION_COMMENTS = YES;
				CLANG_WARN_EMPTY_BODY = YES;
				CLANG_WARN_ENUM_CONVERSION = YES;
				CLANG_WARN_INFINITE_RECURSION = YES;
				CLANG_WARN_INT_CONVERSION = YES;
				CLANG_WARN_NON_LITERAL_NULL_CONVERSION = YES;
				CLANG_WARN_OBJC_LITERAL_CONVERSION = YES;
				CLANG_WARN_OBJC_ROOT_CLASS = YES_ERROR;
				CLANG_WARN_RANGE_LOOP_ANALYSIS = YES;
				CLANG_WARN_STRICT_PROTOTYPES = YES;
				CLANG_WARN_SUSPICIOUS_MOVE = YES;
				CLANG_WARN_UNGUARDED_AVAILABILITY = YES_AGGRESSIVE;
				CLANG_WARN_UNREACHABLE_CODE = YES;
				CLANG_WARN__DUPLICATE_METHOD_MATCH = YES;
				CODE_SIGN_IDENTITY = "iPhone Developer";
				COPY_PHASE_STRIP = NO;
				DEBUG_INFORMATION_FORMAT = dwarf;
				ENABLE_STRICT_OBJC_MSGSEND = YES;
				ENABLE_TESTABILITY = YES;
				GCC_C_LANGUAGE_STANDARD = gnu11;
				GCC_DYNAMIC_NO_PIC = NO;
				GCC_NO_COMMON_BLOCKS = YES;
				GCC_OPTIMIZATION_LEVEL = 0;
				GCC_PREPROCESSOR_DEFINITIONS = (
					"DEBUG=1",
					"$(inherited)",
				);
				GCC_WARN_64_TO_32_BIT_CONVERSION = YES;
				GCC_WARN_ABOUT_RETURN_TYPE = YES_ERROR;
				GCC_WARN_UNDECLARED_SELECTOR = YES;
				GCC_WARN_UNINITIALIZED_AUTOS = YES_AGGRESSIVE;
				GCC_WARN_UNUSED_FUNCTION = YES;
				GCC_WARN_UNUSED_VARIABLE = YES;
				IPHONEOS_DEPLOYMENT_TARGET = 11.2;
				MTL_ENABLE_DEBUG_INFO = YES;
				ONLY_ACTIVE_ARCH = YES;
				SDKROOT = iphoneos;
			};
			name = Debug;
		};
		013E1E861FF157460062BABD /* Release */ = {
			isa = XCBuildConfiguration;
			buildSettings = {
				ALWAYS_SEARCH_USER_PATHS = NO;
				CLANG_ANALYZER_NONNULL = YES;
				CLANG_ANALYZER_NUMBER_OBJECT_CONVERSION = YES_AGGRESSIVE;
				CLANG_CXX_LANGUAGE_STANDARD = "gnu++14";
				CLANG_CXX_LIBRARY = "libc++";
				CLANG_ENABLE_MODULES = YES;
				CLANG_ENABLE_OBJC_ARC = YES;
				CLANG_WARN_BLOCK_CAPTURE_AUTORELEASING = YES;
				CLANG_WARN_BOOL_CONVERSION = YES;
				CLANG_WARN_COMMA = YES;
				CLANG_WARN_CONSTANT_CONVERSION = YES;
				CLANG_WARN_DIRECT_OBJC_ISA_USAGE = YES_ERROR;
				CLANG_WARN_DOCUMENTATION_COMMENTS = YES;
				CLANG_WARN_EMPTY_BODY = YES;
				CLANG_WARN_ENUM_CONVERSION = YES;
				CLANG_WARN_INFINITE_RECURSION = YES;
				CLANG_WARN_INT_CONVERSION = YES;
				CLANG_WARN_NON_LITERAL_NULL_CONVERSION = YES;
				CLANG_WARN_OBJC_LITERAL_CONVERSION = YES;
				CLANG_WARN_OBJC_ROOT_CLASS = YES_ERROR;
				CLANG_WARN_RANGE_LOOP_ANALYSIS = YES;
				CLANG_WARN_STRICT_PROTOTYPES = YES;
				CLANG_WARN_SUSPICIOUS_MOVE = YES;
				CLANG_WARN_UNGUARDED_AVAILABILITY = YES_AGGRESSIVE;
				CLANG_WARN_UNREACHABLE_CODE = YES;
				CLANG_WARN__DUPLICATE_METHOD_MATCH = YES;
				CODE_SIGN_IDENTITY = "iPhone Developer";
				COPY_PHASE_STRIP = NO;
				DEBUG_INFORMATION_FORMAT = "dwarf-with-dsym";
				ENABLE_NS_ASSERTIONS = NO;
				ENABLE_STRICT_OBJC_MSGSEND = YES;
				GCC_C_LANGUAGE_STANDARD = gnu11;
				GCC_NO_COMMON_BLOCKS = YES;
				GCC_WARN_64_TO_32_BIT_CONVERSION = YES;
				GCC_WARN_ABOUT_RETURN_TYPE = YES_ERROR;
				GCC_WARN_UNDECLARED_SELECTOR = YES;
				GCC_WARN_UNINITIALIZED_AUTOS = YES_AGGRESSIVE;
				GCC_WARN_UNUSED_FUNCTION = YES;
				GCC_WARN_UNUSED_VARIABLE = YES;
				IPHONEOS_DEPLOYMENT_TARGET = 11.2;
				MTL_ENABLE_DEBUG_INFO = NO;
				SDKROOT = iphoneos;
				VALIDATE_PRODUCT = YES;
			};
			name = Release;
		};
		013E1E881FF157460062BABD /* Debug */ = {
			isa = XCBuildConfiguration;
			buildSettings = {
				ASSETCATALOG_COMPILER_APPICON_NAME = AppIcon;
				CODE_SIGN_STYLE = Automatic;
				DEVELOPMENT_TEAM = "";
				INFOPLIST_FILE = SZDanmaku/Info.plist;
				IPHONEOS_DEPLOYMENT_TARGET = 8.0;
				LD_RUNPATH_SEARCH_PATHS = "$(inherited) @executable_path/Frameworks";
				PRODUCT_BUNDLE_IDENTIFIER = com.zahi.SZDanmaku;
				PRODUCT_NAME = "$(TARGET_NAME)";
				TARGETED_DEVICE_FAMILY = "1,2";
			};
			name = Debug;
		};
		013E1E891FF157460062BABD /* Release */ = {
			isa = XCBuildConfiguration;
			buildSettings = {
				ASSETCATALOG_COMPILER_APPICON_NAME = AppIcon;
				CODE_SIGN_STYLE = Automatic;
				DEVELOPMENT_TEAM = "";
				INFOPLIST_FILE = SZDanmaku/Info.plist;
				IPHONEOS_DEPLOYMENT_TARGET = 8.0;
				LD_RUNPATH_SEARCH_PATHS = "$(inherited) @executable_path/Frameworks";
				PRODUCT_BUNDLE_IDENTIFIER = com.zahi.SZDanmaku;
				PRODUCT_NAME = "$(TARGET_NAME)";
				TARGETED_DEVICE_FAMILY = "1,2";
			};
			name = Release;
		};
/* End XCBuildConfiguration section */

/* Begin XCConfigurationList section */
		013E1E6C1FF157450062BABD /* Build configuration list for PBXProject "SZDanmaku" */ = {
			isa = XCConfigurationList;
			buildConfigurations = (
				013E1E851FF157460062BABD /* Debug */,
				013E1E861FF157460062BABD /* Release */,
			);
			defaultConfigurationIsVisible = 0;
			defaultConfigurationName = Release;
		};
		013E1E871FF157460062BABD /* Build configuration list for PBXNativeTarget "SZDanmaku" */ = {
			isa = XCConfigurationList;
			buildConfigurations = (
				013E1E881FF157460062BABD /* Debug */,
				013E1E891FF157460062BABD /* Release */,
			);
			defaultConfigurationIsVisible = 0;
			defaultConfigurationName = Release;
		};
/* End XCConfigurationList section */
	};
	rootObject = 013E1E691FF157450062BABD /* Project object */;
}
